
Microsoft Visual Studio Solution File, Format Version 12.00
# Visual Studio Version 16
VisualStudioVersion = 16.0.808.3
MinimumVisualStudioVersion = 10.0.40219.1
Project("{FAE04EC0-301F-11D3-BF4B-00C04F79EFBC}") = "MacTest.Android", "MacTest.Android\MacTest.Android.csproj", "{5E1168A8-91FB-42D7-8E70-3C6508116E07}"
EndProject
Project("{FAE04EC0-301F-11D3-BF4B-00C04F79EFBC}") = "MacTest.iOS", "MacTest.iOS\MacTest.iOS.csproj", "{37B2EC55-A545-48AF-9022-F301F597D656}"
EndProject
Project("{FAE04EC0-301F-11D3-BF4B-00C04F79EFBC}") = "MacTest", "MacTest\MacTest.csproj", "{1E0BB0D5-A5DB-460E-9F20-3E0109A8E52A}"
EndProject
Global
	GlobalSection(SolutionConfigurationPlatforms) = preSolution
		Debug|Any CPU = Debug|Any CPU
		Release|Any CPU = Release|Any CPU
		Debug|iPhoneSimulator = Debug|iPhoneSimulator
		Release|iPhoneSimulator = Release|iPhoneSimulator
		Debug|iPhone = Debug|iPhone
		Release|iPhone = Release|iPhone
	EndGlobalSection
	GlobalSection(ProjectConfigurationPlatforms) = postSolution
		{5E1168A8-91FB-42D7-8E70-3C6508116E07}.Debug|Any CPU.ActiveCfg = Debug|Any CPU
		{5E1168A8-91FB-42D7-8E70-3C6508116E07}.Debug|Any CPU.Build.0 = Debug|Any CPU
		{5E1168A8-91FB-42D7-8E70-3C6508116E07}.Release|Any CPU.ActiveCfg = Release|Any CPU
		{5E1168A8-91FB-42D7-8E70-3C6508116E07}.Release|Any CPU.Build.0 = Release|Any CPU
		{5E1168A8-91FB-42D7-8E70-3C6508116E07}.Debug|iPhoneSimulator.ActiveCfg = Debug|Any CPU
		{5E1168A8-91FB-42D7-8E70-3C6508116E07}.Debug|iPhoneSimulator.Build.0 = Debug|Any CPU
		{5E1168A8-91FB-42D7-8E70-3C6508116E07}.Release|iPhoneSimulator.ActiveCfg = Release|Any CPU
		{5E1168A8-91FB-42D7-8E70-3C6508116E07}.Release|iPhoneSimulator.Build.0 = Release|Any CPU
		{5E1168A8-91FB-42D7-8E70-3C6508116E07}.Debug|iPhone.ActiveCfg = Debug|Any CPU
		{5E1168A8-91FB-42D7-8E70-3C6508116E07}.Debug|iPhone.Build.0 = Debug|Any CPU
		{5E1168A8-91FB-42D7-8E70-3C6508116E07}.Release|iPhone.ActiveCfg = Release|Any CPU
		{5E1168A8-91FB-42D7-8E70-3C6508116E07}.Release|iPhone.Build.0 = Release|Any CPU
		{37B2EC55-A545-48AF-9022-F301F597D656}.Debug|Any CPU.ActiveCfg = Debug|iPhoneSimulator
		{37B2EC55-A545-48AF-9022-F301F597D656}.Debug|Any CPU.Build.0 = Debug|iPhoneSimulator
		{37B2EC55-A545-48AF-9022-F301F597D656}.Release|Any CPU.ActiveCfg = Release|iPhoneSimulator
		{37B2EC55-A545-48AF-9022-F301F597D656}.Release|Any CPU.Build.0 = Release|iPhoneSimulator
		{37B2EC55-A545-48AF-9022-F301F597D656}.Debug|iPhoneSimulator.ActiveCfg = Debug|iPhoneSimulator
		{37B2EC55-A545-48AF-9022-F301F597D656}.Debug|iPhoneSimulator.Build.0 = Debug|iPhoneSimulator
		{37B2EC55-A545-48AF-9022-F301F597D656}.Release|iPhoneSimulator.ActiveCfg = Release|iPhoneSimulator
		{37B2EC55-A545-48AF-9022-F301F597D656}.Release|iPhoneSimulator.Build.0 = Release|iPhoneSimulator
		{37B2EC55-A545-48AF-9022-F301F597D656}.Debug|iPhone.ActiveCfg = Debug|iPhone
		{37B2EC55-A545-48AF-9022-F301F597D656}.Debug|iPhone.Build.0 = Debug|iPhone
		{37B2EC55-A545-48AF-9022-F301F597D656}.Release|iPhone.ActiveCfg = Release|iPhone
		{37B2EC55-A545-48AF-9022-F301F597D656}.Release|iPhone.Build.0 = Release|iPhone
		{1E0BB0D5-A5DB-460E-9F20-3E0109A8E52A}.Debug|Any CPU.ActiveCfg = Debug|Any CPU
		{1E0BB0D5-A5DB-460E-9F20-3E0109A8E52A}.Debug|Any CPU.Build.0 = Debug|Any CPU
		{1E0BB0D5-A5DB-460E-9F20-3E0109A8E52A}.Release|Any CPU.ActiveCfg = Release|Any CPU
		{1E0BB0D5-A5DB-460E-9F20-3E0109A8E52A}.Release|Any CPU.Build.0 = Release|Any CPU
		{1E0BB0D5-A5DB-460E-9F20-3E0109A8E52A}.Debug|iPhoneSimulator.ActiveCfg = Debug|Any CPU
		{1E0BB0D5-A5DB-460E-9F20-3E0109A8E52A}.Debug|iPhoneSimulator.Build.0 = Debug|Any CPU
		{1E0BB0D5-A5DB-460E-9F20-3E0109A8E52A}.Release|iPhoneSimulator.ActiveCfg = Release|Any CPU
		{1E0BB0D5-A5DB-460E-9F20-3E0109A8E52A}.Release|iPhoneSimulator.Build.0 = Release|Any CPU
		{1E0BB0D5-A5DB-460E-9F20-3E0109A8E52A}.Debug|iPhone.ActiveCfg = Debug|Any CPU
		{1E0BB0D5-A5DB-460E-9F20-3E0109A8E52A}.Debug|iPhone.Build.0 = Debug|Any CPU
		{1E0BB0D5-A5DB-460E-9F20-3E0109A8E52A}.Release|iPhone.ActiveCfg = Release|Any CPU
		{1E0BB0D5-A5DB-460E-9F20-3E0109A8E52A}.Release|iPhone.Build.0 = Release|Any CPU
	EndGlobalSection
	GlobalSection(SolutionProperties) = preSolution
		HideSolutionNode = FALSE
	EndGlobalSection
	GlobalSection(ExtensibilityGlobals) = postSolution
		SolutionGuid = {A85F397E-EB97-4CD3-9F05-1CA2409ADBAA}
	EndGlobalSection
EndGlobal
